
Microsoft Visual Studio Solution File, Format Version 12.00
# Visual Studio Version 17
VisualStudioVersion = 17.9.34622.214
MinimumVisualStudioVersion = 10.0.40219.1
Project("{FAE04EC0-301F-11D3-BF4B-00C04F79EFBC}") = "primer_7", "primer_7\primer_7.csproj", "{4AA4D855-A14B-47A8-8F30-1758B9312C0D}"
EndProject
Global
	GlobalSection(SolutionConfigurationPlatforms) = preSolution
		Debug|Any CPU = Debug|Any CPU
		Release|Any CPU = Release|Any CPU
	EndGlobalSection
	GlobalSection(ProjectConfigurationPlatforms) = postSolution
		{4AA4D855-A14B-47A8-8F30-1758B9312C0D}.Debug|Any CPU.ActiveCfg = Debug|Any CPU
		{4AA4D855-A14B-47A8-8F30-1758B9312C0D}.Debug|Any CPU.Build.0 = Debug|Any CPU
		{4AA4D855-A14B-47A8-8F30-1758B9312C0D}.Release|Any CPU.ActiveCfg = Release|Any CPU
		{4AA4D855-A14B-47A8-8F30-1758B9312C0D}.Release|Any CPU.Build.0 = Release|Any CPU
	EndGlobalSection
	GlobalSection(SolutionProperties) = preSolution
		HideSolutionNode = FALSE
	EndGlobalSection
	GlobalSection(ExtensibilityGlobals) = postSolution
		SolutionGuid = {0EF000D2-1AB7-40E5-A1D4-90AF3ECBD30C}
	EndGlobalSection
EndGlobal
